
Microsoft Visual Studio Solution File, Format Version 12.00
# Visual Studio Version 16
VisualStudioVersion = 16.0.29613.14
MinimumVisualStudioVersion = 10.0.40219.1
Project("{FAE04EC0-301F-11D3-BF4B-00C04F79EFBC}") = "WebApp", "WebApp\WebApp.csproj", "{F6B507D6-9EF0-4F7E-AEF9-72164C917B30}"
EndProject
Global
	GlobalSection(SolutionConfigurationPlatforms) = preSolution
		Debug|Any CPU = Debug|Any CPU
		Release|Any CPU = Release|Any CPU
	EndGlobalSection
	GlobalSection(ProjectConfigurationPlatforms) = postSolution
		{F6B507D6-9EF0-4F7E-AEF9-72164C917B30}.Debug|Any CPU.ActiveCfg = Debug|Any CPU
		{F6B507D6-9EF0-4F7E-AEF9-72164C917B30}.Debug|Any CPU.Build.0 = Debug|Any CPU
		{F6B507D6-9EF0-4F7E-AEF9-72164C917B30}.Release|Any CPU.ActiveCfg = Release|Any CPU
		{F6B507D6-9EF0-4F7E-AEF9-72164C917B30}.Release|Any CPU.Build.0 = Release|Any CPU
	EndGlobalSection
	GlobalSection(SolutionProperties) = preSolution
		HideSolutionNode = FALSE
	EndGlobalSection
	GlobalSection(ExtensibilityGlobals) = postSolution
		SolutionGuid = {468D9E70-F6B5-47F6-99C8-19B19404D95D}
	EndGlobalSection
EndGlobal
